
Microsoft Visual Studio Solution File, Format Version 12.00
# Visual Studio Version 17
VisualStudioVersion = 17.5.33414.496
MinimumVisualStudioVersion = 10.0.40219.1
Project("{FAE04EC0-301F-11D3-BF4B-00C04F79EFBC}") = "FreeCoursesPlatform", "FreeCoursesPlatform\FreeCoursesPlatform.csproj", "{86AC9F32-5417-43E2-963B-93B0CAD6F203}"
EndProject
Global
	GlobalSection(SolutionConfigurationPlatforms) = preSolution
		Debug|Any CPU = Debug|Any CPU
		Release|Any CPU = Release|Any CPU
	EndGlobalSection
	GlobalSection(ProjectConfigurationPlatforms) = postSolution
		{86AC9F32-5417-43E2-963B-93B0CAD6F203}.Debug|Any CPU.ActiveCfg = Debug|Any CPU
		{86AC9F32-5417-43E2-963B-93B0CAD6F203}.Debug|Any CPU.Build.0 = Debug|Any CPU
		{86AC9F32-5417-43E2-963B-93B0CAD6F203}.Release|Any CPU.ActiveCfg = Release|Any CPU
		{86AC9F32-5417-43E2-963B-93B0CAD6F203}.Release|Any CPU.Build.0 = Release|Any CPU
	EndGlobalSection
	GlobalSection(SolutionProperties) = preSolution
		HideSolutionNode = FALSE
	EndGlobalSection
	GlobalSection(ExtensibilityGlobals) = postSolution
		SolutionGuid = {28E3175B-495B-4DE1-832B-56D78ED7F08B}
	EndGlobalSection
EndGlobal
